
Microsoft Visual Studio Solution File, Format Version 12.00
# Visual Studio Version 16
VisualStudioVersion = 16.0.31005.135
MinimumVisualStudioVersion = 10.0.40219.1
Project("{FAE04EC0-301F-11D3-BF4B-00C04F79EFBC}") = "GuiLibrary", "GuiLibrary\GuiLibrary.csproj", "{03FCE9D6-BC8F-4150-9A3B-42813BC1E32F}"
EndProject
Global
	GlobalSection(SolutionConfigurationPlatforms) = preSolution
		Debug|Any CPU = Debug|Any CPU
		Release|Any CPU = Release|Any CPU
	EndGlobalSection
	GlobalSection(ProjectConfigurationPlatforms) = postSolution
		{03FCE9D6-BC8F-4150-9A3B-42813BC1E32F}.Debug|Any CPU.ActiveCfg = Debug|Any CPU
		{03FCE9D6-BC8F-4150-9A3B-42813BC1E32F}.Debug|Any CPU.Build.0 = Debug|Any CPU
		{03FCE9D6-BC8F-4150-9A3B-42813BC1E32F}.Release|Any CPU.ActiveCfg = Release|Any CPU
		{03FCE9D6-BC8F-4150-9A3B-42813BC1E32F}.Release|Any CPU.Build.0 = Release|Any CPU
	EndGlobalSection
	GlobalSection(SolutionProperties) = preSolution
		HideSolutionNode = FALSE
	EndGlobalSection
	GlobalSection(ExtensibilityGlobals) = postSolution
		SolutionGuid = {719161EF-9DE1-47BF-B1B9-4CD2B81B724C}
	EndGlobalSection
EndGlobal
